
Microsoft Visual Studio Solution File, Format Version 12.00
# Visual Studio Version 17
VisualStudioVersion = 17.5.002.0
MinimumVisualStudioVersion = 10.0.40219.1
Project("{2150E333-8FDC-42A3-9474-1A3956D46DE8}") = "sandbox", "sandbox", "{113D14E9-AB55-43AE-9C65-D879E3D62B5F}"
EndProject
Project("{9A19103F-16F7-4668-BE54-9A1E7A4F7556}") = "sandbox_project", "sandbox\sandbox_project\sandbox_project.csproj", "{9D4973E0-D5E4-42CA-BBF3-AA95CD35E421}"
EndProject
Project("{2150E333-8FDC-42A3-9474-1A3956D46DE8}") = "week01", "week01", "{873B746F-B7A2-4E79-B55A-385FF49B9A6B}"
EndProject
Project("{9A19103F-16F7-4668-BE54-9A1E7A4F7556}") = "analyze", "week01\analyze\analyze.csproj", "{EEC35319-1205-4FB7-9FC9-ADCFAD2EBEC4}"
EndProject
Project("{9A19103F-16F7-4668-BE54-9A1E7A4F7556}") = "code", "week01\code\code.csproj", "{42F4458E-2A5B-4A01-BD47-76770133FFD3}"
EndProject
Project("{9A19103F-16F7-4668-BE54-9A1E7A4F7556}") = "teach", "week01\teach\teach.csproj", "{F9C14F62-69B9-4338-A595-4C94E60B67D0}"
EndProject
Project("{2150E333-8FDC-42A3-9474-1A3956D46DE8}") = "week02", "week02", "{AA9AF9F7-AF8B-419C-B420-23AA8EF3AB5D}"
EndProject
Project("{9A19103F-16F7-4668-BE54-9A1E7A4F7556}") = "analyze", "week02\analyze\analyze.csproj", "{9A498A61-C4FE-49F9-B269-80EF7EC8BA04}"
EndProject
Project("{9A19103F-16F7-4668-BE54-9A1E7A4F7556}") = "code", "week02\code\code.csproj", "{916F57F3-108A-44AB-9751-71CFD85BCA66}"
EndProject
Project("{9A19103F-16F7-4668-BE54-9A1E7A4F7556}") = "learn", "week02\learn\learn.csproj", "{32F6BAE2-0D42-49D1-8475-66C24523D726}"
EndProject
Project("{9A19103F-16F7-4668-BE54-9A1E7A4F7556}") = "teach", "week02\teach\teach.csproj", "{3F88661D-E619-4594-99FB-48780CB4B84C}"
EndProject
Project("{2150E333-8FDC-42A3-9474-1A3956D46DE8}") = "week03", "week03", "{D07533B2-A08E-4F7F-90CD-97B8D5626F26}"
EndProject
Project("{9A19103F-16F7-4668-BE54-9A1E7A4F7556}") = "code", "week03\code\code.csproj", "{0B09E8C3-70CC-4091-98F3-7C8464741C9D}"
EndProject
Project("{9A19103F-16F7-4668-BE54-9A1E7A4F7556}") = "learn", "week03\learn\learn.csproj", "{74140041-2D55-4E79-9A10-8CF232BE491E}"
EndProject
Project("{9A19103F-16F7-4668-BE54-9A1E7A4F7556}") = "teach", "week03\teach\teach.csproj", "{DBF46176-6655-465F-A2B6-0CFDE5FD46BC}"
EndProject
Project("{2150E333-8FDC-42A3-9474-1A3956D46DE8}") = "week04", "week04", "{0CDE7647-291F-42BF-93D9-7A9E5631C1CD}"
EndProject
Project("{9A19103F-16F7-4668-BE54-9A1E7A4F7556}") = "code", "week04\code\code.csproj", "{930BE489-7859-404F-AABD-28469D3C94A9}"
EndProject
Project("{2150E333-8FDC-42A3-9474-1A3956D46DE8}") = "week05", "week05", "{D8DC3D2D-E39F-4597-859D-B87F72386D8C}"
EndProject
Project("{9A19103F-16F7-4668-BE54-9A1E7A4F7556}") = "code", "week05\code\code.csproj", "{C6D9BCE2-94D9-4CE1-900C-D6066077DCB9}"
EndProject
Project("{2150E333-8FDC-42A3-9474-1A3956D46DE8}") = "week06", "week06", "{48E8E0DE-E394-4C52-BFB2-1EC1436EBACD}"
EndProject
Project("{9A19103F-16F7-4668-BE54-9A1E7A4F7556}") = "code", "week06\code\code.csproj", "{364F1D7B-7481-42F3-A6FF-5DEDC77AAAFA}"
EndProject
Global
	GlobalSection(SolutionConfigurationPlatforms) = preSolution
		Debug|Any CPU = Debug|Any CPU
		Release|Any CPU = Release|Any CPU
	EndGlobalSection
	GlobalSection(ProjectConfigurationPlatforms) = postSolution
		{9D4973E0-D5E4-42CA-BBF3-AA95CD35E421}.Debug|Any CPU.ActiveCfg = Debug|Any CPU
		{9D4973E0-D5E4-42CA-BBF3-AA95CD35E421}.Debug|Any CPU.Build.0 = Debug|Any CPU
		{9D4973E0-D5E4-42CA-BBF3-AA95CD35E421}.Release|Any CPU.ActiveCfg = Release|Any CPU
		{9D4973E0-D5E4-42CA-BBF3-AA95CD35E421}.Release|Any CPU.Build.0 = Release|Any CPU
		{EEC35319-1205-4FB7-9FC9-ADCFAD2EBEC4}.Debug|Any CPU.ActiveCfg = Debug|Any CPU
		{EEC35319-1205-4FB7-9FC9-ADCFAD2EBEC4}.Debug|Any CPU.Build.0 = Debug|Any CPU
		{EEC35319-1205-4FB7-9FC9-ADCFAD2EBEC4}.Release|Any CPU.ActiveCfg = Release|Any CPU
		{EEC35319-1205-4FB7-9FC9-ADCFAD2EBEC4}.Release|Any CPU.Build.0 = Release|Any CPU
		{42F4458E-2A5B-4A01-BD47-76770133FFD3}.Debug|Any CPU.ActiveCfg = Debug|Any CPU
		{42F4458E-2A5B-4A01-BD47-76770133FFD3}.Debug|Any CPU.Build.0 = Debug|Any CPU
		{42F4458E-2A5B-4A01-BD47-76770133FFD3}.Release|Any CPU.ActiveCfg = Release|Any CPU
		{42F4458E-2A5B-4A01-BD47-76770133FFD3}.Release|Any CPU.Build.0 = Release|Any CPU
		{F9C14F62-69B9-4338-A595-4C94E60B67D0}.Debug|Any CPU.ActiveCfg = Debug|Any CPU
		{F9C14F62-69B9-4338-A595-4C94E60B67D0}.Debug|Any CPU.Build.0 = Debug|Any CPU
		{F9C14F62-69B9-4338-A595-4C94E60B67D0}.Release|Any CPU.ActiveCfg = Release|Any CPU
		{F9C14F62-69B9-4338-A595-4C94E60B67D0}.Release|Any CPU.Build.0 = Release|Any CPU
		{9A498A61-C4FE-49F9-B269-80EF7EC8BA04}.Debug|Any CPU.ActiveCfg = Debug|Any CPU
		{9A498A61-C4FE-49F9-B269-80EF7EC8BA04}.Debug|Any CPU.Build.0 = Debug|Any CPU
		{9A498A61-C4FE-49F9-B269-80EF7EC8BA04}.Release|Any CPU.ActiveCfg = Release|Any CPU
		{9A498A61-C4FE-49F9-B269-80EF7EC8BA04}.Release|Any CPU.Build.0 = Release|Any CPU
		{916F57F3-108A-44AB-9751-71CFD85BCA66}.Debug|Any CPU.ActiveCfg = Debug|Any CPU
		{916F57F3-108A-44AB-9751-71CFD85BCA66}.Debug|Any CPU.Build.0 = Debug|Any CPU
		{916F57F3-108A-44AB-9751-71CFD85BCA66}.Release|Any CPU.ActiveCfg = Release|Any CPU
		{916F57F3-108A-44AB-9751-71CFD85BCA66}.Release|Any CPU.Build.0 = Release|Any CPU
		{32F6BAE2-0D42-49D1-8475-66C24523D726}.Debug|Any CPU.ActiveCfg = Debug|Any CPU
		{32F6BAE2-0D42-49D1-8475-66C24523D726}.Debug|Any CPU.Build.0 = Debug|Any CPU
		{32F6BAE2-0D42-49D1-8475-66C24523D726}.Release|Any CPU.ActiveCfg = Release|Any CPU
		{32F6BAE2-0D42-49D1-8475-66C24523D726}.Release|Any CPU.Build.0 = Release|Any CPU
		{3F88661D-E619-4594-99FB-48780CB4B84C}.Debug|Any CPU.ActiveCfg = Debug|Any CPU
		{3F88661D-E619-4594-99FB-48780CB4B84C}.Debug|Any CPU.Build.0 = Debug|Any CPU
		{3F88661D-E619-4594-99FB-48780CB4B84C}.Release|Any CPU.ActiveCfg = Release|Any CPU
		{3F88661D-E619-4594-99FB-48780CB4B84C}.Release|Any CPU.Build.0 = Release|Any CPU
		{0B09E8C3-70CC-4091-98F3-7C8464741C9D}.Debug|Any CPU.ActiveCfg = Debug|Any CPU
		{0B09E8C3-70CC-4091-98F3-7C8464741C9D}.Debug|Any CPU.Build.0 = Debug|Any CPU
		{0B09E8C3-70CC-4091-98F3-7C8464741C9D}.Release|Any CPU.ActiveCfg = Release|Any CPU
		{0B09E8C3-70CC-4091-98F3-7C8464741C9D}.Release|Any CPU.Build.0 = Release|Any CPU
		{74140041-2D55-4E79-9A10-8CF232BE491E}.Debug|Any CPU.ActiveCfg = Debug|Any CPU
		{74140041-2D55-4E79-9A10-8CF232BE491E}.Debug|Any CPU.Build.0 = Debug|Any CPU
		{74140041-2D55-4E79-9A10-8CF232BE491E}.Release|Any CPU.ActiveCfg = Release|Any CPU
		{74140041-2D55-4E79-9A10-8CF232BE491E}.Release|Any CPU.Build.0 = Release|Any CPU
		{DBF46176-6655-465F-A2B6-0CFDE5FD46BC}.Debug|Any CPU.ActiveCfg = Debug|Any CPU
		{DBF46176-6655-465F-A2B6-0CFDE5FD46BC}.Debug|Any CPU.Build.0 = Debug|Any CPU
		{DBF46176-6655-465F-A2B6-0CFDE5FD46BC}.Release|Any CPU.ActiveCfg = Release|Any CPU
		{DBF46176-6655-465F-A2B6-0CFDE5FD46BC}.Release|Any CPU.Build.0 = Release|Any CPU
		{930BE489-7859-404F-AABD-28469D3C94A9}.Debug|Any CPU.ActiveCfg = Debug|Any CPU
		{930BE489-7859-404F-AABD-28469D3C94A9}.Debug|Any CPU.Build.0 = Debug|Any CPU
		{930BE489-7859-404F-AABD-28469D3C94A9}.Release|Any CPU.ActiveCfg = Release|Any CPU
		{930BE489-7859-404F-AABD-28469D3C94A9}.Release|Any CPU.Build.0 = Release|Any CPU
		{C6D9BCE2-94D9-4CE1-900C-D6066077DCB9}.Debug|Any CPU.ActiveCfg = Debug|Any CPU
		{C6D9BCE2-94D9-4CE1-900C-D6066077DCB9}.Debug|Any CPU.Build.0 = Debug|Any CPU
		{C6D9BCE2-94D9-4CE1-900C-D6066077DCB9}.Release|Any CPU.ActiveCfg = Release|Any CPU
		{C6D9BCE2-94D9-4CE1-900C-D6066077DCB9}.Release|Any CPU.Build.0 = Release|Any CPU
		{364F1D7B-7481-42F3-A6FF-5DEDC77AAAFA}.Debug|Any CPU.ActiveCfg = Debug|Any CPU
		{364F1D7B-7481-42F3-A6FF-5DEDC77AAAFA}.Debug|Any CPU.Build.0 = Debug|Any CPU
		{364F1D7B-7481-42F3-A6FF-5DEDC77AAAFA}.Release|Any CPU.ActiveCfg = Release|Any CPU
		{364F1D7B-7481-42F3-A6FF-5DEDC77AAAFA}.Release|Any CPU.Build.0 = Release|Any CPU
	EndGlobalSection
	GlobalSection(SolutionProperties) = preSolution
		HideSolutionNode = FALSE
	EndGlobalSection
	GlobalSection(NestedProjects) = preSolution
		{9D4973E0-D5E4-42CA-BBF3-AA95CD35E421} = {113D14E9-AB55-43AE-9C65-D879E3D62B5F}
		{EEC35319-1205-4FB7-9FC9-ADCFAD2EBEC4} = {873B746F-B7A2-4E79-B55A-385FF49B9A6B}
		{42F4458E-2A5B-4A01-BD47-76770133FFD3} = {873B746F-B7A2-4E79-B55A-385FF49B9A6B}
		{F9C14F62-69B9-4338-A595-4C94E60B67D0} = {873B746F-B7A2-4E79-B55A-385FF49B9A6B}
		{9A498A61-C4FE-49F9-B269-80EF7EC8BA04} = {AA9AF9F7-AF8B-419C-B420-23AA8EF3AB5D}
		{916F57F3-108A-44AB-9751-71CFD85BCA66} = {AA9AF9F7-AF8B-419C-B420-23AA8EF3AB5D}
		{32F6BAE2-0D42-49D1-8475-66C24523D726} = {AA9AF9F7-AF8B-419C-B420-23AA8EF3AB5D}
		{3F88661D-E619-4594-99FB-48780CB4B84C} = {AA9AF9F7-AF8B-419C-B420-23AA8EF3AB5D}
		{0B09E8C3-70CC-4091-98F3-7C8464741C9D} = {D07533B2-A08E-4F7F-90CD-97B8D5626F26}
		{74140041-2D55-4E79-9A10-8CF232BE491E} = {D07533B2-A08E-4F7F-90CD-97B8D5626F26}
		{DBF46176-6655-465F-A2B6-0CFDE5FD46BC} = {D07533B2-A08E-4F7F-90CD-97B8D5626F26}
		{930BE489-7859-404F-AABD-28469D3C94A9} = {0CDE7647-291F-42BF-93D9-7A9E5631C1CD}
		{C6D9BCE2-94D9-4CE1-900C-D6066077DCB9} = {D8DC3D2D-E39F-4597-859D-B87F72386D8C}
		{364F1D7B-7481-42F3-A6FF-5DEDC77AAAFA} = {48E8E0DE-E394-4C52-BFB2-1EC1436EBACD}
	EndGlobalSection
	GlobalSection(ExtensibilityGlobals) = postSolution
		SolutionGuid = {AF79DFE0-FC5C-4A9B-B789-4344E75D4E17}
	EndGlobalSection
EndGlobal
